
Microsoft Visual Studio Solution File, Format Version 12.00
# Visual Studio 15
VisualStudioVersion = 15.0.27428.2043
MinimumVisualStudioVersion = 10.0.40219.1
Project("{FAE04EC0-301F-11D3-BF4B-00C04F79EFBC}") = "firstmvc", "firstmvc\firstmvc.csproj", "{BE4C2368-AB60-4C74-93FB-0B9F5E2B97DA}"
EndProject
Global
	GlobalSection(SolutionConfigurationPlatforms) = preSolution
		Debug|Any CPU = Debug|Any CPU
		Release|Any CPU = Release|Any CPU
	EndGlobalSection
	GlobalSection(ProjectConfigurationPlatforms) = postSolution
		{BE4C2368-AB60-4C74-93FB-0B9F5E2B97DA}.Debug|Any CPU.ActiveCfg = Debug|Any CPU
		{BE4C2368-AB60-4C74-93FB-0B9F5E2B97DA}.Debug|Any CPU.Build.0 = Debug|Any CPU
		{BE4C2368-AB60-4C74-93FB-0B9F5E2B97DA}.Release|Any CPU.ActiveCfg = Release|Any CPU
		{BE4C2368-AB60-4C74-93FB-0B9F5E2B97DA}.Release|Any CPU.Build.0 = Release|Any CPU
	EndGlobalSection
	GlobalSection(SolutionProperties) = preSolution
		HideSolutionNode = FALSE
	EndGlobalSection
	GlobalSection(ExtensibilityGlobals) = postSolution
		SolutionGuid = {383F3FE8-F566-4C24-9732-7E737E4AA997}
	EndGlobalSection
EndGlobal
